
Microsoft Visual Studio Solution File, Format Version 12.00
# Visual Studio Version 17
VisualStudioVersion = 17.6.33829.357
MinimumVisualStudioVersion = 10.0.40219.1
Project("{FAE04EC0-301F-11D3-BF4B-00C04F79EFBC}") = "RPGBaseFramework", "RPGBaseFramework\RPGBaseFramework.csproj", "{1C5F62C3-43B1-4FB7-9CB8-220C2F97A546}"
EndProject
Global
	GlobalSection(SolutionConfigurationPlatforms) = preSolution
		Debug|Any CPU = Debug|Any CPU
		Release|Any CPU = Release|Any CPU
	EndGlobalSection
	GlobalSection(ProjectConfigurationPlatforms) = postSolution
		{1C5F62C3-43B1-4FB7-9CB8-220C2F97A546}.Debug|Any CPU.ActiveCfg = Debug|Any CPU
		{1C5F62C3-43B1-4FB7-9CB8-220C2F97A546}.Debug|Any CPU.Build.0 = Debug|Any CPU
		{1C5F62C3-43B1-4FB7-9CB8-220C2F97A546}.Release|Any CPU.ActiveCfg = Release|Any CPU
		{1C5F62C3-43B1-4FB7-9CB8-220C2F97A546}.Release|Any CPU.Build.0 = Release|Any CPU
	EndGlobalSection
	GlobalSection(SolutionProperties) = preSolution
		HideSolutionNode = FALSE
	EndGlobalSection
	GlobalSection(ExtensibilityGlobals) = postSolution
		SolutionGuid = {47E4C520-837E-42E7-A940-E50B85DAC0D2}
	EndGlobalSection
EndGlobal
